
Microsoft Visual Studio Solution File, Format Version 12.00
# Visual Studio 15
Project("{FAE04EC0-301F-11D3-BF4B-00C04F79EFBC}") = "Unity.XR.Interaction.Toolkit.Samples.Hands", "Unity.XR.Interaction.Toolkit.Samples.Hands.csproj", "{FC97A584-9DDE-16E3-B013-C15C7E1CCD7A}"
EndProject
Project("{FAE04EC0-301F-11D3-BF4B-00C04F79EFBC}") = "Assembly-CSharp", "Assembly-CSharp.csproj", "{C607C4AC-1618-A293-CFE3-C2271A6FFBC0}"
EndProject
Project("{FAE04EC0-301F-11D3-BF4B-00C04F79EFBC}") = "Unity.XR.Interaction.Toolkit.Samples.StarterAssets", "Unity.XR.Interaction.Toolkit.Samples.StarterAssets.csproj", "{FAB4EE51-FF52-58FA-CD41-FB66C02A27A0}"
EndProject
Project("{FAE04EC0-301F-11D3-BF4B-00C04F79EFBC}") = "Unity.XR.Interaction.Toolkit.Samples.DeviceSimulator", "Unity.XR.Interaction.Toolkit.Samples.DeviceSimulator.csproj", "{86522E71-83F5-500E-B3C7-19A40910B557}"
EndProject
Project("{FAE04EC0-301F-11D3-BF4B-00C04F79EFBC}") = "Unity.XR.Interaction.Toolkit.Samples.Hands.Editor", "Unity.XR.Interaction.Toolkit.Samples.Hands.Editor.csproj", "{7013A891-5DB1-2610-4CA2-74914867F6B2}"
EndProject
Project("{FAE04EC0-301F-11D3-BF4B-00C04F79EFBC}") = "Unity.XR.Hands.Samples.VisualizerSample", "Unity.XR.Hands.Samples.VisualizerSample.csproj", "{8BEB5311-CDD6-EE3C-11F9-171D197DCC31}"
EndProject
Project("{FAE04EC0-301F-11D3-BF4B-00C04F79EFBC}") = "Unity.XR.Interaction.Toolkit.Samples.StarterAssets.Editor", "Unity.XR.Interaction.Toolkit.Samples.StarterAssets.Editor.csproj", "{7405A29E-4020-B7C0-8170-1C6A79A09BF4}"
EndProject
Global
	GlobalSection(SolutionConfigurationPlatforms) = preSolution
		Debug|Any CPU = Debug|Any CPU
		Release|Any CPU = Release|Any CPU
	EndGlobalSection
	GlobalSection(ProjectConfigurationPlatforms) = postSolution
		{FC97A584-9DDE-16E3-B013-C15C7E1CCD7A}.Debug|Any CPU.ActiveCfg = Debug|Any CPU
		{FC97A584-9DDE-16E3-B013-C15C7E1CCD7A}.Debug|Any CPU.Build.0 = Debug|Any CPU
		{FC97A584-9DDE-16E3-B013-C15C7E1CCD7A}.Release|Any CPU.ActiveCfg = Release|Any CPU
		{FC97A584-9DDE-16E3-B013-C15C7E1CCD7A}.Release|Any CPU.Build.0 = Release|Any CPU
		{C607C4AC-1618-A293-CFE3-C2271A6FFBC0}.Debug|Any CPU.ActiveCfg = Debug|Any CPU
		{C607C4AC-1618-A293-CFE3-C2271A6FFBC0}.Debug|Any CPU.Build.0 = Debug|Any CPU
		{C607C4AC-1618-A293-CFE3-C2271A6FFBC0}.Release|Any CPU.ActiveCfg = Release|Any CPU
		{C607C4AC-1618-A293-CFE3-C2271A6FFBC0}.Release|Any CPU.Build.0 = Release|Any CPU
		{FAB4EE51-FF52-58FA-CD41-FB66C02A27A0}.Debug|Any CPU.ActiveCfg = Debug|Any CPU
		{FAB4EE51-FF52-58FA-CD41-FB66C02A27A0}.Debug|Any CPU.Build.0 = Debug|Any CPU
		{FAB4EE51-FF52-58FA-CD41-FB66C02A27A0}.Release|Any CPU.ActiveCfg = Release|Any CPU
		{FAB4EE51-FF52-58FA-CD41-FB66C02A27A0}.Release|Any CPU.Build.0 = Release|Any CPU
		{86522E71-83F5-500E-B3C7-19A40910B557}.Debug|Any CPU.ActiveCfg = Debug|Any CPU
		{86522E71-83F5-500E-B3C7-19A40910B557}.Debug|Any CPU.Build.0 = Debug|Any CPU
		{86522E71-83F5-500E-B3C7-19A40910B557}.Release|Any CPU.ActiveCfg = Release|Any CPU
		{86522E71-83F5-500E-B3C7-19A40910B557}.Release|Any CPU.Build.0 = Release|Any CPU
		{7013A891-5DB1-2610-4CA2-74914867F6B2}.Debug|Any CPU.ActiveCfg = Debug|Any CPU
		{7013A891-5DB1-2610-4CA2-74914867F6B2}.Debug|Any CPU.Build.0 = Debug|Any CPU
		{7013A891-5DB1-2610-4CA2-74914867F6B2}.Release|Any CPU.ActiveCfg = Release|Any CPU
		{7013A891-5DB1-2610-4CA2-74914867F6B2}.Release|Any CPU.Build.0 = Release|Any CPU
		{8BEB5311-CDD6-EE3C-11F9-171D197DCC31}.Debug|Any CPU.ActiveCfg = Debug|Any CPU
		{8BEB5311-CDD6-EE3C-11F9-171D197DCC31}.Debug|Any CPU.Build.0 = Debug|Any CPU
		{8BEB5311-CDD6-EE3C-11F9-171D197DCC31}.Release|Any CPU.ActiveCfg = Release|Any CPU
		{8BEB5311-CDD6-EE3C-11F9-171D197DCC31}.Release|Any CPU.Build.0 = Release|Any CPU
		{7405A29E-4020-B7C0-8170-1C6A79A09BF4}.Debug|Any CPU.ActiveCfg = Debug|Any CPU
		{7405A29E-4020-B7C0-8170-1C6A79A09BF4}.Debug|Any CPU.Build.0 = Debug|Any CPU
		{7405A29E-4020-B7C0-8170-1C6A79A09BF4}.Release|Any CPU.ActiveCfg = Release|Any CPU
		{7405A29E-4020-B7C0-8170-1C6A79A09BF4}.Release|Any CPU.Build.0 = Release|Any CPU
	EndGlobalSection
	GlobalSection(SolutionProperties) = preSolution
		HideSolutionNode = FALSE
	EndGlobalSection
EndGlobal
